// !$*UTF8*$!
{
	archiveVersion = 1;
	classes = {
	};
	objectVersion = 46;
	objects = {

/* Begin PBXBuildFile section */
		7DB092461E5C54EA008980E7 /* AppDelegate.swift in Sources */ = {isa = PBXBuildFile; fileRef = 7DB092451E5C54EA008980E7 /* AppDelegate.swift */; };
		7DB092481E5C54EA008980E7 /* ViewController.swift in Sources */ = {isa = PBXBuildFile; fileRef = 7DB092471E5C54EA008980E7 /* ViewController.swift */; };
		7DB0924B1E5C54EA008980E7 /* Main.storyboard in Resources */ = {isa = PBXBuildFile; fileRef = 7DB092491E5C54EA008980E7 /* Main.storyboard */; };
		7DB0924D1E5C54EA008980E7 /* Assets.xcassets in Resources */ = {isa = PBXBuildFile; fileRef = 7DB0924C1E5C54EA008980E7 /* Assets.xcassets */; };
		7DB092501E5C54EA008980E7 /* LaunchScreen.storyboard in Resources */ = {isa = PBXBuildFile; fileRef = 7DB0924E1E5C54EA008980E7 /* LaunchScreen.storyboard */; };
		7DB0925B1E5C54EA008980E7 /* UserDefaultsTests.swift in Sources */ = {isa = PBXBuildFile; fileRef = 7DB0925A1E5C54EA008980E7 /* UserDefaultsTests.swift */; };
		7DB092661E5C54EA008980E7 /* UserDefaultsUITests.swift in Sources */ = {isa = PBXBuildFile; fileRef = 7DB092651E5C54EA008980E7 /* UserDefaultsUITests.swift */; };
/* End PBXBuildFile section */

/* Begin PBXContainerItemProxy section */
		7DB092571E5C54EA008980E7 /* PBXContainerItemProxy */ = {
			isa = PBXContainerItemProxy;
			containerPortal = 7DB0923A1E5C54E9008980E7 /* Project object */;
			proxyType = 1;
			remoteGlobalIDString = 7DB092411E5C54EA008980E7;
			remoteInfo = UserDefaults;
		};
		7DB092621E5C54EA008980E7 /* PBXContainerItemProxy */ = {
			isa = PBXContainerItemProxy;
			containerPortal = 7DB0923A1E5C54E9008980E7 /* Project object */;
			proxyType = 1;
			remoteGlobalIDString = 7DB092411E5C54EA008980E7;
			remoteInfo = UserDefaults;
		};
/* End PBXContainerItemProxy section */

/* Begin PBXFileReference section */
		7DB092421E5C54EA008980E7 /* UserDefaults.app */ = {isa = PBXFileReference; explicitFileType = wrapper.application; includeInIndex = 0; path = UserDefaults.app; sourceTree = BUILT_PRODUCTS_DIR; };
		7DB092451E5C54EA008980E7 /* AppDelegate.swift */ = {isa = PBXFileReference; lastKnownFileType = sourcecode.swift; path = AppDelegate.swift; sourceTree = "<group>"; };
		7DB092471E5C54EA008980E7 /* ViewController.swift */ = {isa = PBXFileReference; lastKnownFileType = sourcecode.swift; path = ViewController.swift; sourceTree = "<group>"; };
		7DB0924A1E5C54EA008980E7 /* Base */ = {isa = PBXFileReference; lastKnownFileType = file.storyboard; name = Base; path = Base.lproj/Main.storyboard; sourceTree = "<group>"; };
		7DB0924C1E5C54EA008980E7 /* Assets.xcassets */ = {isa = PBXFileReference; lastKnownFileType = folder.assetcatalog; path = Assets.xcassets; sourceTree = "<group>"; };
		7DB0924F1E5C54EA008980E7 /* Base */ = {isa = PBXFileReference; lastKnownFileType = file.storyboard; name = Base; path = Base.lproj/LaunchScreen.storyboard; sourceTree = "<group>"; };
		7DB092511E5C54EA008980E7 /* Info.plist */ = {isa = PBXFileReference; lastKnownFileType = text.plist.xml; path = Info.plist; sourceTree = "<group>"; };
		7DB092561E5C54EA008980E7 /* UserDefaultsTests.xctest */ = {isa = PBXFileReference; explicitFileType = wrapper.cfbundle; includeInIndex = 0; path = UserDefaultsTests.xctest; sourceTree = BUILT_PRODUCTS_DIR; };
		7DB0925A1E5C54EA008980E7 /* UserDefaultsTests.swift */ = {isa = PBXFileReference; lastKnownFileType = sourcecode.swift; path = UserDefaultsTests.swift; sourceTree = "<group>"; };
		7DB0925C1E5C54EA008980E7 /* Info.plist */ = {isa = PBXFileReference; lastKnownFileType = text.plist.xml; path = Info.plist; sourceTree = "<group>"; };
		7DB092611E5C54EA008980E7 /* UserDefaultsUITests.xctest */ = {isa = PBXFileReference; explicitFileType = wrapper.cfbundle; includeInIndex = 0; path = UserDefaultsUITests.xctest; sourceTree = BUILT_PRODUCTS_DIR; };
		7DB092651E5C54EA008980E7 /* UserDefaultsUITests.swift */ = {isa = PBXFileReference; lastKnownFileType = sourcecode.swift; path = UserDefaultsUITests.swift; sourceTree = "<group>"; };
		7DB092671E5C54EA008980E7 /* Info.plist */ = {isa = PBXFileReference; lastKnownFileType = text.plist.xml; path = Info.plist; sourceTree = "<group>"; };
/* End PBXFileReference section */

/* Begin PBXFrameworksBuildPhase section */
		7DB0923F1E5C54EA008980E7 /* Frameworks */ = {
			isa = PBXFrameworksBuildPhase;
			buildActionMask = 2147483647;
			files = (
			);
			runOnlyForDeploymentPostprocessing = 0;
		};
		7DB092531E5C54EA008980E7 /* Frameworks */ = {
			isa = PBXFrameworksBuildPhase;
			buildActionMask = 2147483647;
			files = (
			);
			runOnlyForDeploymentPostprocessing = 0;
		};
		7DB0925E1E5C54EA008980E7 /* Frameworks */ = {
			isa = PBXFrameworksBuildPhase;
			buildActionMask = 2147483647;
			files = (
			);
			runOnlyForDeploymentPostprocessing = 0;
		};
/* End PBXFrameworksBuildPhase section */

/* Begin PBXGroup section */
		7DB092391E5C54E9008980E7 = {
			isa = PBXGroup;
			children = (
				7DB092441E5C54EA008980E7 /* UserDefaults */,
				7DB092591E5C54EA008980E7 /* UserDefaultsTests */,
				7DB092641E5C54EA008980E7 /* UserDefaultsUITests */,
				7DB092431E5C54EA008980E7 /* Products */,
			);
			sourceTree = "<group>";
		};
		7DB092431E5C54EA008980E7 /* Products */ = {
			isa = PBXGroup;
			children = (
				7DB092421E5C54EA008980E7 /* UserDefaults.app */,
				7DB092561E5C54EA008980E7 /* UserDefaultsTests.xctest */,
				7DB092611E5C54EA008980E7 /* UserDefaultsUITests.xctest */,
			);
			name = Products;
			sourceTree = "<group>";
		};
		7DB092441E5C54EA008980E7 /* UserDefaults */ = {
			isa = PBXGroup;
			children = (
				7DB092451E5C54EA008980E7 /* AppDelegate.swift */,
				7DB092471E5C54EA008980E7 /* ViewController.swift */,
				7DB092491E5C54EA008980E7 /* Main.storyboard */,
				7DB0924C1E5C54EA008980E7 /* Assets.xcassets */,
				7DB0924E1E5C54EA008980E7 /* LaunchScreen.storyboard */,
				7DB092511E5C54EA008980E7 /* Info.plist */,
			);
			path = UserDefaults;
			sourceTree = "<group>";
		};
		7DB092591E5C54EA008980E7 /* UserDefaultsTests */ = {
			isa = PBXGroup;
			children = (
				7DB0925A1E5C54EA008980E7 /* UserDefaultsTests.swift */,
				7DB0925C1E5C54EA008980E7 /* Info.plist */,
			);
			path = UserDefaultsTests;
			sourceTree = "<group>";
		};
		7DB092641E5C54EA008980E7 /* UserDefaultsUITests */ = {
			isa = PBXGroup;
			children = (
				7DB092651E5C54EA008980E7 /* UserDefaultsUITests.swift */,
				7DB092671E5C54EA008980E7 /* Info.plist */,
			);
			path = UserDefaultsUITests;
			sourceTree = "<group>";
		};
/* End PBXGroup section */

/* Begin PBXNativeTarget section */
		7DB092411E5C54EA008980E7 /* UserDefaults */ = {
			isa = PBXNativeTarget;
			buildConfigurationList = 7DB0926A1E5C54EA008980E7 /* Build configuration list for PBXNativeTarget "UserDefaults" */;
			buildPhases = (
				7DB0923E1E5C54EA008980E7 /* Sources */,
				7DB0923F1E5C54EA008980E7 /* Frameworks */,
				7DB092401E5C54EA008980E7 /* Resources */,
			);
			buildRules = (
			);
			dependencies = (
			);
			name = UserDefaults;
			productName = UserDefaults;
			productReference = 7DB092421E5C54EA008980E7 /* UserDefaults.app */;
			productType = "com.apple.product-type.application";
		};
		7DB092551E5C54EA008980E7 /* UserDefaultsTests */ = {
			isa = PBXNativeTarget;
			buildConfigurationList = 7DB0926D1E5C54EA008980E7 /* Build configuration list for PBXNativeTarget "UserDefaultsTests" */;
			buildPhases = (
				7DB092521E5C54EA008980E7 /* Sources */,
				7DB092531E5C54EA008980E7 /* Frameworks */,
				7DB092541E5C54EA008980E7 /* Resources */,
			);
			buildRules = (
			);
			dependencies = (
				7DB092581E5C54EA008980E7 /* PBXTargetDependency */,
			);
			name = UserDefaultsTests;
			productName = UserDefaultsTests;
			productReference = 7DB092561E5C54EA008980E7 /* UserDefaultsTests.xctest */;
			productType = "com.apple.product-type.bundle.unit-test";
		};
		7DB092601E5C54EA008980E7 /* UserDefaultsUITests */ = {
			isa = PBXNativeTarget;
			buildConfigurationList = 7DB092701E5C54EA008980E7 /* Build configuration list for PBXNativeTarget "UserDefaultsUITests" */;
			buildPhases = (
				7DB0925D1E5C54EA008980E7 /* Sources */,
				7DB0925E1E5C54EA008980E7 /* Frameworks */,
				7DB0925F1E5C54EA008980E7 /* Resources */,
			);
			buildRules = (
			);
			dependencies = (
				7DB092631E5C54EA008980E7 /* PBXTargetDependency */,
			);
			name = UserDefaultsUITests;
			productName = UserDefaultsUITests;
			productReference = 7DB092611E5C54EA008980E7 /* UserDefaultsUITests.xctest */;
			productType = "com.apple.product-type.bundle.ui-testing";
		};
/* End PBXNativeTarget section */

/* Begin PBXProject section */
		7DB0923A1E5C54E9008980E7 /* Project object */ = {
			isa = PBXProject;
			attributes = {
				LastSwiftUpdateCheck = 0820;
				LastUpgradeCheck = 0820;
				ORGANIZATIONNAME = "Michael Le";
				TargetAttributes = {
					7DB092411E5C54EA008980E7 = {
						CreatedOnToolsVersion = 8.2.1;
						DevelopmentTeam = 57J888NS7E;
						ProvisioningStyle = Automatic;
					};
					7DB092551E5C54EA008980E7 = {
						CreatedOnToolsVersion = 8.2.1;
						DevelopmentTeam = 57J888NS7E;
						ProvisioningStyle = Automatic;
						TestTargetID = 7DB092411E5C54EA008980E7;
					};
					7DB092601E5C54EA008980E7 = {
						CreatedOnToolsVersion = 8.2.1;
						DevelopmentTeam = 57J888NS7E;
						ProvisioningStyle = Automatic;
						TestTargetID = 7DB092411E5C54EA008980E7;
					};
				};
			};
			buildConfigurationList = 7DB0923D1E5C54E9008980E7 /* Build configuration list for PBXProject "UserDefaults" */;
			compatibilityVersion = "Xcode 3.2";
			developmentRegion = English;
			hasScannedForEncodings = 0;
			knownRegions = (
				en,
				Base,
			);
			mainGroup = 7DB092391E5C54E9008980E7;
			productRefGroup = 7DB092431E5C54EA008980E7 /* Products */;
			projectDirPath = "";
			projectRoot = "";
			targets = (
				7DB092411E5C54EA008980E7 /* UserDefaults */,
				7DB092551E5C54EA008980E7 /* UserDefaultsTests */,
				7DB092601E5C54EA008980E7 /* UserDefaultsUITests */,
			);
		};
/* End PBXProject section */

/* Begin PBXResourcesBuildPhase section */
		7DB092401E5C54EA008980E7 /* Resources */ = {
			isa = PBXResourcesBuildPhase;
			buildActionMask = 2147483647;
			files = (
				7DB092501E5C54EA008980E7 /* LaunchScreen.storyboard in Resources */,
				7DB0924D1E5C54EA008980E7 /* Assets.xcassets in Resources */,
				7DB0924B1E5C54EA008980E7 /* Main.storyboard in Resources */,
			);
			runOnlyForDeploymentPostprocessing = 0;
		};
		7DB092541E5C54EA008980E7 /* Resources */ = {
			isa = PBXResourcesBuildPhase;
			buildActionMask = 2147483647;
			files = (
			);
			runOnlyForDeploymentPostprocessing = 0;
		};
		7DB0925F1E5C54EA008980E7 /* Resources */ = {
			isa = PBXResourcesBuildPhase;
			buildActionMask = 2147483647;
			files = (
			);
			runOnlyForDeploymentPostprocessing = 0;
		};
/* End PBXResourcesBuildPhase section */

/* Begin PBXSourcesBuildPhase section */
		7DB0923E1E5C54EA008980E7 /* Sources */ = {
			isa = PBXSourcesBuildPhase;
			buildActionMask = 2147483647;
			files = (
				7DB092481E5C54EA008980E7 /* ViewController.swift in Sources */,
				7DB092461E5C54EA008980E7 /* AppDelegate.swift in Sources */,
			);
			runOnlyForDeploymentPostprocessing = 0;
		};
		7DB092521E5C54EA008980E7 /* Sources */ = {
			isa = PBXSourcesBuildPhase;
			buildActionMask = 2147483647;
			files = (
				7DB0925B1E5C54EA008980E7 /* UserDefaultsTests.swift in Sources */,
			);
			runOnlyForDeploymentPostprocessing = 0;
		};
		7DB0925D1E5C54EA008980E7 /* Sources */ = {
			isa = PBXSourcesBuildPhase;
			buildActionMask = 2147483647;
			files = (
				7DB092661E5C54EA008980E7 /* UserDefaultsUITests.swift in Sources */,
			);
			runOnlyForDeploymentPostprocessing = 0;
		};
/* End PBXSourcesBuildPhase section */

/* Begin PBXTargetDependency section */
		7DB092581E5C54EA008980E7 /* PBXTargetDependency */ = {
			isa = PBXTargetDependency;
			target = 7DB092411E5C54EA008980E7 /* UserDefaults */;
			targetProxy = 7DB092571E5C54EA008980E7 /* PBXContainerItemProxy */;
		};
		7DB092631E5C54EA008980E7 /* PBXTargetDependency */ = {
			isa = PBXTargetDependency;
			target = 7DB092411E5C54EA008980E7 /* UserDefaults */;
			targetProxy = 7DB092621E5C54EA008980E7 /* PBXContainerItemProxy */;
		};
/* End PBXTargetDependency section */

/* Begin PBXVariantGroup section */
		7DB092491E5C54EA008980E7 /* Main.storyboard */ = {
			isa = PBXVariantGroup;
			children = (
				7DB0924A1E5C54EA008980E7 /* Base */,
			);
			name = Main.storyboard;
			sourceTree = "<group>";
		};
		7DB0924E1E5C54EA008980E7 /* LaunchScreen.storyboard */ = {
			isa = PBXVariantGroup;
			children = (
				7DB0924F1E5C54EA008980E7 /* Base */,
			);
			name = LaunchScreen.storyboard;
			sourceTree = "<group>";
		};
/* End PBXVariantGroup section */

/* Begin XCBuildConfiguration section */
		7DB092681E5C54EA008980E7 /* Debug */ = {
			isa = XCBuildConfiguration;
			buildSettings = {
				ALWAYS_SEARCH_USER_PATHS = NO;
				CLANG_ANALYZER_NONNULL = YES;
				CLANG_CXX_LANGUAGE_STANDARD = "gnu++0x";
				CLANG_CXX_LIBRARY = "libc++";
				CLANG_ENABLE_MODULES = YES;
				CLANG_ENABLE_OBJC_ARC = YES;
				CLANG_WARN_BOOL_CONVERSION = YES;
				CLANG_WARN_CONSTANT_CONVERSION = YES;
				CLANG_WARN_DIRECT_OBJC_ISA_USAGE = YES_ERROR;
				CLANG_WARN_DOCUMENTATION_COMMENTS = YES;
				CLANG_WARN_EMPTY_BODY = YES;
				CLANG_WARN_ENUM_CONVERSION = YES;
				CLANG_WARN_INFINITE_RECURSION = YES;
				CLANG_WARN_INT_CONVERSION = YES;
				CLANG_WARN_OBJC_ROOT_CLASS = YES_ERROR;
				CLANG_WARN_SUSPICIOUS_MOVE = YES;
				CLANG_WARN_UNREACHABLE_CODE = YES;
				CLANG_WARN__DUPLICATE_METHOD_MATCH = YES;
				"CODE_SIGN_IDENTITY[sdk=iphoneos*]" = "iPhone Developer";
				COPY_PHASE_STRIP = NO;
				DEBUG_INFORMATION_FORMAT = dwarf;
				ENABLE_STRICT_OBJC_MSGSEND = YES;
				ENABLE_TESTABILITY = YES;
				GCC_C_LANGUAGE_STANDARD = gnu99;
				GCC_DYNAMIC_NO_PIC = NO;
				GCC_NO_COMMON_BLOCKS = YES;
				GCC_OPTIMIZATION_LEVEL = 0;
				GCC_PREPROCESSOR_DEFINITIONS = (
					"DEBUG=1",
					"$(inherited)",
				);
				GCC_WARN_64_TO_32_BIT_CONVERSION = YES;
				GCC_WARN_ABOUT_RETURN_TYPE = YES_ERROR;
				GCC_WARN_UNDECLARED_SELECTOR = YES;
				GCC_WARN_UNINITIALIZED_AUTOS = YES_AGGRESSIVE;
				GCC_WARN_UNUSED_FUNCTION = YES;
				GCC_WARN_UNUSED_VARIABLE = YES;
				IPHONEOS_DEPLOYMENT_TARGET = 10.2;
				MTL_ENABLE_DEBUG_INFO = YES;
				ONLY_ACTIVE_ARCH = YES;
				SDKROOT = iphoneos;
				SWIFT_ACTIVE_COMPILATION_CONDITIONS = DEBUG;
				SWIFT_OPTIMIZATION_LEVEL = "-Onone";
				TARGETED_DEVICE_FAMILY = 2;
			};
			name = Debug;
		};
		7DB092691E5C54EA008980E7 /* Release */ = {
			isa = XCBuildConfiguration;
			buildSettings = {
				ALWAYS_SEARCH_USER_PATHS = NO;
				CLANG_ANALYZER_NONNULL = YES;
				CLANG_CXX_LANGUAGE_STANDARD = "gnu++0x";
				CLANG_CXX_LIBRARY = "libc++";
				CLANG_ENABLE_MODULES = YES;
				CLANG_ENABLE_OBJC_ARC = YES;
				CLANG_WARN_BOOL_CONVERSION = YES;
				CLANG_WARN_CONSTANT_CONVERSION = YES;
				CLANG_WARN_DIRECT_OBJC_ISA_USAGE = YES_ERROR;
				CLANG_WARN_DOCUMENTATION_COMMENTS = YES;
				CLANG_WARN_EMPTY_BODY = YES;
				CLANG_WARN_ENUM_CONVERSION = YES;
				CLANG_WARN_INFINITE_RECURSION = YES;
				CLANG_WARN_INT_CONVERSION = YES;
				CLANG_WARN_OBJC_ROOT_CLASS = YES_ERROR;
				CLANG_WARN_SUSPICIOUS_MOVE = YES;
				CLANG_WARN_UNREACHABLE_CODE = YES;
				CLANG_WARN__DUPLICATE_METHOD_MATCH = YES;
				"CODE_SIGN_IDENTITY[sdk=iphoneos*]" = "iPhone Developer";
				COPY_PHASE_STRIP = NO;
				DEBUG_INFORMATION_FORMAT = "dwarf-with-dsym";
				ENABLE_NS_ASSERTIONS = NO;
				ENABLE_STRICT_OBJC_MSGSEND = YES;
				GCC_C_LANGUAGE_STANDARD = gnu99;
				GCC_NO_COMMON_BLOCKS = YES;
				GCC_WARN_64_TO_32_BIT_CONVERSION = YES;
				GCC_WARN_ABOUT_RETURN_TYPE = YES_ERROR;
				GCC_WARN_UNDECLARED_SELECTOR = YES;
				GCC_WARN_UNINITIALIZED_AUTOS = YES_AGGRESSIVE;
				GCC_WARN_UNUSED_FUNCTION = YES;
				GCC_WARN_UNUSED_VARIABLE = YES;
				IPHONEOS_DEPLOYMENT_TARGET = 10.2;
				MTL_ENABLE_DEBUG_INFO = NO;
				SDKROOT = iphoneos;
				SWIFT_OPTIMIZATION_LEVEL = "-Owholemodule";
				TARGETED_DEVICE_FAMILY = 2;
				VALIDATE_PRODUCT = YES;
			};
			name = Release;
		};
		7DB0926B1E5C54EA008980E7 /* Debug */ = {
			isa = XCBuildConfiguration;
			buildSettings = {
				ASSETCATALOG_COMPILER_APPICON_NAME = AppIcon;
				DEVELOPMENT_TEAM = 57J888NS7E;
				INFOPLIST_FILE = UserDefaults/Info.plist;
				LD_RUNPATH_SEARCH_PATHS = "$(inherited) @executable_path/Frameworks";
				PRODUCT_BUNDLE_IDENTIFIER = com.mikeware.UserDefaults;
				PRODUCT_NAME = "$(TARGET_NAME)";
				SWIFT_VERSION = 3.0;
			};
			name = Debug;
		};
		7DB0926C1E5C54EA008980E7 /* Release */ = {
			isa = XCBuildConfiguration;
			buildSettings = {
				ASSETCATALOG_COMPILER_APPICON_NAME = AppIcon;
				DEVELOPMENT_TEAM = 57J888NS7E;
				INFOPLIST_FILE = UserDefaults/Info.plist;
				LD_RUNPATH_SEARCH_PATHS = "$(inherited) @executable_path/Frameworks";
				PRODUCT_BUNDLE_IDENTIFIER = com.mikeware.UserDefaults;
				PRODUCT_NAME = "$(TARGET_NAME)";
				SWIFT_VERSION = 3.0;
			};
			name = Release;
		};
		7DB0926E1E5C54EA008980E7 /* Debug */ = {
			isa = XCBuildConfiguration;
			buildSettings = {
				ALWAYS_EMBED_SWIFT_STANDARD_LIBRARIES = YES;
				BUNDLE_LOADER = "$(TEST_HOST)";
				DEVELOPMENT_TEAM = 57J888NS7E;
				INFOPLIST_FILE = UserDefaultsTests/Info.plist;
				LD_RUNPATH_SEARCH_PATHS = "$(inherited) @executable_path/Frameworks @loader_path/Frameworks";
				PRODUCT_BUNDLE_IDENTIFIER = com.mikeware.UserDefaultsTests;
				PRODUCT_NAME = "$(TARGET_NAME)";
				SWIFT_VERSION = 3.0;
				TEST_HOST = "$(BUILT_PRODUCTS_DIR)/UserDefaults.app/UserDefaults";
			};
			name = Debug;
		};
		7DB0926F1E5C54EA008980E7 /* Release */ = {
			isa = XCBuildConfiguration;
			buildSettings = {
				ALWAYS_EMBED_SWIFT_STANDARD_LIBRARIES = YES;
				BUNDLE_LOADER = "$(TEST_HOST)";
				DEVELOPMENT_TEAM = 57J888NS7E;
				INFOPLIST_FILE = UserDefaultsTests/Info.plist;
				LD_RUNPATH_SEARCH_PATHS = "$(inherited) @executable_path/Frameworks @loader_path/Frameworks";
				PRODUCT_BUNDLE_IDENTIFIER = com.mikeware.UserDefaultsTests;
				PRODUCT_NAME = "$(TARGET_NAME)";
				SWIFT_VERSION = 3.0;
				TEST_HOST = "$(BUILT_PRODUCTS_DIR)/UserDefaults.app/UserDefaults";
			};
			name = Release;
		};
		7DB092711E5C54EA008980E7 /* Debug */ = {
			isa = XCBuildConfiguration;
			buildSettings = {
				ALWAYS_EMBED_SWIFT_STANDARD_LIBRARIES = YES;
				DEVELOPMENT_TEAM = 57J888NS7E;
				INFOPLIST_FILE = UserDefaultsUITests/Info.plist;
				LD_RUNPATH_SEARCH_PATHS = "$(inherited) @executable_path/Frameworks @loader_path/Frameworks";
				PRODUCT_BUNDLE_IDENTIFIER = com.mikeware.UserDefaultsUITests;
				PRODUCT_NAME = "$(TARGET_NAME)";
				SWIFT_VERSION = 3.0;
				TEST_TARGET_NAME = UserDefaults;
			};
			name = Debug;
		};
		7DB092721E5C54EA008980E7 /* Release */ = {
			isa = XCBuildConfiguration;
			buildSettings = {
				ALWAYS_EMBED_SWIFT_STANDARD_LIBRARIES = YES;
				DEVELOPMENT_TEAM = 57J888NS7E;
				INFOPLIST_FILE = UserDefaultsUITests/Info.plist;
				LD_RUNPATH_SEARCH_PATHS = "$(inherited) @executable_path/Frameworks @loader_path/Frameworks";
				PRODUCT_BUNDLE_IDENTIFIER = com.mikeware.UserDefaultsUITests;
				PRODUCT_NAME = "$(TARGET_NAME)";
				SWIFT_VERSION = 3.0;
				TEST_TARGET_NAME = UserDefaults;
			};
			name = Release;
		};
/* End XCBuildConfiguration section */

/* Begin XCConfigurationList section */
		7DB0923D1E5C54E9008980E7 /* Build configuration list for PBXProject "UserDefaults" */ = {
			isa = XCConfigurationList;
			buildConfigurations = (
				7DB092681E5C54EA008980E7 /* Debug */,
				7DB092691E5C54EA008980E7 /* Release */,
			);
			defaultConfigurationIsVisible = 0;
			defaultConfigurationName = Release;
		};
		7DB0926A1E5C54EA008980E7 /* Build configuration list for PBXNativeTarget "UserDefaults" */ = {
			isa = XCConfigurationList;
			buildConfigurations = (
				7DB0926B1E5C54EA008980E7 /* Debug */,
				7DB0926C1E5C54EA008980E7 /* Release */,
			);
			defaultConfigurationIsVisible = 0;
		};
		7DB0926D1E5C54EA008980E7 /* Build configuration list for PBXNativeTarget "UserDefaultsTests" */ = {
			isa = XCConfigurationList;
			buildConfigurations = (
				7DB0926E1E5C54EA008980E7 /* Debug */,
				7DB0926F1E5C54EA008980E7 /* Release */,
			);
			defaultConfigurationIsVisible = 0;
		};
		7DB092701E5C54EA008980E7 /* Build configuration list for PBXNativeTarget "UserDefaultsUITests" */ = {
			isa = XCConfigurationList;
			buildConfigurations = (
				7DB092711E5C54EA008980E7 /* Debug */,
				7DB092721E5C54EA008980E7 /* Release */,
			);
			defaultConfigurationIsVisible = 0;
		};
/* End XCConfigurationList section */
	};
	rootObject = 7DB0923A1E5C54E9008980E7 /* Project object */;
}
